
Microsoft Visual Studio Solution File, Format Version 12.00
# Visual Studio Version 17
VisualStudioVersion = 17.3.32922.545
MinimumVisualStudioVersion = 10.0.40219.1
Project("{9A19103F-16F7-4668-BE54-9A1E7A4F7556}") = "ProjectDK", "ProjectDK\ProjectDK.csproj", "{6B7AA380-972B-4E6D-8645-28C8E5A39353}"
EndProject
Project("{FAE04EC0-301F-11D3-BF4B-00C04F79EFBC}") = "ProjectDK.Models", "ProjectDK.Models\ProjectDK.Models.csproj", "{E71F1081-E540-46AE-A0C5-1D69D177E0E9}"
EndProject
Project("{FAE04EC0-301F-11D3-BF4B-00C04F79EFBC}") = "ProjectDK.DL", "ProjectDK.DL\ProjectDK.DL.csproj", "{680D5641-2567-4253-9DA6-AB802C5D9B2C}"
EndProject
Project("{2150E333-8FDC-42A3-9474-1A3956D46DE8}") = "Data", "Data", "{95A6E072-DA1F-4D1F-BCF0-B294902C5F02}"
EndProject
Project("{FAE04EC0-301F-11D3-BF4B-00C04F79EFBC}") = "ProjectDK.BL", "ProjectDK.BL\ProjectDK.BL.csproj", "{BD055320-3822-459F-BB51-032131B29FD2}"
EndProject
Project("{2150E333-8FDC-42A3-9474-1A3956D46DE8}") = "Web", "Web", "{24A03E96-C294-4FEE-95F7-9077CDEF2FFA}"
EndProject
Global
	GlobalSection(SolutionConfigurationPlatforms) = preSolution
		Debug|Any CPU = Debug|Any CPU
		Release|Any CPU = Release|Any CPU
	EndGlobalSection
	GlobalSection(ProjectConfigurationPlatforms) = postSolution
		{6B7AA380-972B-4E6D-8645-28C8E5A39353}.Debug|Any CPU.ActiveCfg = Debug|Any CPU
		{6B7AA380-972B-4E6D-8645-28C8E5A39353}.Debug|Any CPU.Build.0 = Debug|Any CPU
		{6B7AA380-972B-4E6D-8645-28C8E5A39353}.Release|Any CPU.ActiveCfg = Release|Any CPU
		{6B7AA380-972B-4E6D-8645-28C8E5A39353}.Release|Any CPU.Build.0 = Release|Any CPU
		{E71F1081-E540-46AE-A0C5-1D69D177E0E9}.Debug|Any CPU.ActiveCfg = Debug|Any CPU
		{E71F1081-E540-46AE-A0C5-1D69D177E0E9}.Debug|Any CPU.Build.0 = Debug|Any CPU
		{E71F1081-E540-46AE-A0C5-1D69D177E0E9}.Release|Any CPU.ActiveCfg = Release|Any CPU
		{E71F1081-E540-46AE-A0C5-1D69D177E0E9}.Release|Any CPU.Build.0 = Release|Any CPU
		{680D5641-2567-4253-9DA6-AB802C5D9B2C}.Debug|Any CPU.ActiveCfg = Debug|Any CPU
		{680D5641-2567-4253-9DA6-AB802C5D9B2C}.Debug|Any CPU.Build.0 = Debug|Any CPU
		{680D5641-2567-4253-9DA6-AB802C5D9B2C}.Release|Any CPU.ActiveCfg = Release|Any CPU
		{680D5641-2567-4253-9DA6-AB802C5D9B2C}.Release|Any CPU.Build.0 = Release|Any CPU
		{BD055320-3822-459F-BB51-032131B29FD2}.Debug|Any CPU.ActiveCfg = Debug|Any CPU
		{BD055320-3822-459F-BB51-032131B29FD2}.Debug|Any CPU.Build.0 = Debug|Any CPU
		{BD055320-3822-459F-BB51-032131B29FD2}.Release|Any CPU.ActiveCfg = Release|Any CPU
		{BD055320-3822-459F-BB51-032131B29FD2}.Release|Any CPU.Build.0 = Release|Any CPU
	EndGlobalSection
	GlobalSection(SolutionProperties) = preSolution
		HideSolutionNode = FALSE
	EndGlobalSection
	GlobalSection(NestedProjects) = preSolution
		{6B7AA380-972B-4E6D-8645-28C8E5A39353} = {24A03E96-C294-4FEE-95F7-9077CDEF2FFA}
		{680D5641-2567-4253-9DA6-AB802C5D9B2C} = {95A6E072-DA1F-4D1F-BCF0-B294902C5F02}
	EndGlobalSection
	GlobalSection(ExtensibilityGlobals) = postSolution
		SolutionGuid = {3F138CF4-F198-49DC-87F9-7BB3251ED7EC}
	EndGlobalSection
EndGlobal
