
Microsoft Visual Studio Solution File, Format Version 12.00
# Visual Studio Version 17
VisualStudioVersion = 17.3.32922.545
MinimumVisualStudioVersion = 10.0.40219.1
Project("{9A19103F-16F7-4668-BE54-9A1E7A4F7556}") = "ProjectDK", "ProjectDK\ProjectDK.csproj", "{6B7AA380-972B-4E6D-8645-28C8E5A39353}"
EndProject
Project("{9A19103F-16F7-4668-BE54-9A1E7A4F7556}") = "ProjectDK.Models", "ProjectDK.Models\ProjectDK.Models.csproj", "{E71F1081-E540-46AE-A0C5-1D69D177E0E9}"
EndProject
Project("{9A19103F-16F7-4668-BE54-9A1E7A4F7556}") = "ProjectDK.DL", "ProjectDK.DL\ProjectDK.DL.csproj", "{680D5641-2567-4253-9DA6-AB802C5D9B2C}"
EndProject
Project("{2150E333-8FDC-42A3-9474-1A3956D46DE8}") = "Data", "Data", "{95A6E072-DA1F-4D1F-BCF0-B294902C5F02}"
EndProject
Project("{9A19103F-16F7-4668-BE54-9A1E7A4F7556}") = "ProjectDK.BL", "ProjectDK.BL\ProjectDK.BL.csproj", "{BD055320-3822-459F-BB51-032131B29FD2}"
EndProject
Project("{2150E333-8FDC-42A3-9474-1A3956D46DE8}") = "Web", "Web", "{24A03E96-C294-4FEE-95F7-9077CDEF2FFA}"
EndProject
Project("{2150E333-8FDC-42A3-9474-1A3956D46DE8}") = "Business Layer", "Business Layer", "{4EB0A0AF-2F9D-4E7C-845B-3569FDC77C78}"
EndProject
Project("{2150E333-8FDC-42A3-9474-1A3956D46DE8}") = "Models", "Models", "{82A5B849-28BB-4ED5-A180-23FC71AFFFB4}"
EndProject
Project("{9A19103F-16F7-4668-BE54-9A1E7A4F7556}") = "ProjectDK.Test", "ProjectDK.Test\ProjectDK.Test.csproj", "{EFEC76DB-352A-471D-9454-9D2B11B4E2D9}"
EndProject
Project("{2150E333-8FDC-42A3-9474-1A3956D46DE8}") = "Tests", "Tests", "{A4DF66CC-3E3D-44AB-BA8B-2E6A2F2A15B7}"
EndProject
Global
	GlobalSection(SolutionConfigurationPlatforms) = preSolution
		Debug|Any CPU = Debug|Any CPU
		Release|Any CPU = Release|Any CPU
	EndGlobalSection
	GlobalSection(ProjectConfigurationPlatforms) = postSolution
		{6B7AA380-972B-4E6D-8645-28C8E5A39353}.Debug|Any CPU.ActiveCfg = Debug|Any CPU
		{6B7AA380-972B-4E6D-8645-28C8E5A39353}.Debug|Any CPU.Build.0 = Debug|Any CPU
		{6B7AA380-972B-4E6D-8645-28C8E5A39353}.Release|Any CPU.ActiveCfg = Release|Any CPU
		{6B7AA380-972B-4E6D-8645-28C8E5A39353}.Release|Any CPU.Build.0 = Release|Any CPU
		{E71F1081-E540-46AE-A0C5-1D69D177E0E9}.Debug|Any CPU.ActiveCfg = Debug|Any CPU
		{E71F1081-E540-46AE-A0C5-1D69D177E0E9}.Debug|Any CPU.Build.0 = Debug|Any CPU
		{E71F1081-E540-46AE-A0C5-1D69D177E0E9}.Release|Any CPU.ActiveCfg = Release|Any CPU
		{E71F1081-E540-46AE-A0C5-1D69D177E0E9}.Release|Any CPU.Build.0 = Release|Any CPU
		{680D5641-2567-4253-9DA6-AB802C5D9B2C}.Debug|Any CPU.ActiveCfg = Debug|Any CPU
		{680D5641-2567-4253-9DA6-AB802C5D9B2C}.Debug|Any CPU.Build.0 = Debug|Any CPU
		{680D5641-2567-4253-9DA6-AB802C5D9B2C}.Release|Any CPU.ActiveCfg = Release|Any CPU
		{680D5641-2567-4253-9DA6-AB802C5D9B2C}.Release|Any CPU.Build.0 = Release|Any CPU
		{BD055320-3822-459F-BB51-032131B29FD2}.Debug|Any CPU.ActiveCfg = Debug|Any CPU
		{BD055320-3822-459F-BB51-032131B29FD2}.Debug|Any CPU.Build.0 = Debug|Any CPU
		{BD055320-3822-459F-BB51-032131B29FD2}.Release|Any CPU.ActiveCfg = Release|Any CPU
		{BD055320-3822-459F-BB51-032131B29FD2}.Release|Any CPU.Build.0 = Release|Any CPU
		{EFEC76DB-352A-471D-9454-9D2B11B4E2D9}.Debug|Any CPU.ActiveCfg = Debug|Any CPU
		{EFEC76DB-352A-471D-9454-9D2B11B4E2D9}.Debug|Any CPU.Build.0 = Debug|Any CPU
		{EFEC76DB-352A-471D-9454-9D2B11B4E2D9}.Release|Any CPU.ActiveCfg = Release|Any CPU
		{EFEC76DB-352A-471D-9454-9D2B11B4E2D9}.Release|Any CPU.Build.0 = Release|Any CPU
	EndGlobalSection
	GlobalSection(SolutionProperties) = preSolution
		HideSolutionNode = FALSE
	EndGlobalSection
	GlobalSection(NestedProjects) = preSolution
		{6B7AA380-972B-4E6D-8645-28C8E5A39353} = {24A03E96-C294-4FEE-95F7-9077CDEF2FFA}
		{E71F1081-E540-46AE-A0C5-1D69D177E0E9} = {82A5B849-28BB-4ED5-A180-23FC71AFFFB4}
		{680D5641-2567-4253-9DA6-AB802C5D9B2C} = {95A6E072-DA1F-4D1F-BCF0-B294902C5F02}
		{BD055320-3822-459F-BB51-032131B29FD2} = {4EB0A0AF-2F9D-4E7C-845B-3569FDC77C78}
		{EFEC76DB-352A-471D-9454-9D2B11B4E2D9} = {A4DF66CC-3E3D-44AB-BA8B-2E6A2F2A15B7}
	EndGlobalSection
	GlobalSection(ExtensibilityGlobals) = postSolution
		SolutionGuid = {3F138CF4-F198-49DC-87F9-7BB3251ED7EC}
	EndGlobalSection
EndGlobal
